// !$*UTF8*$!
{
	archiveVersion = 1;
	classes = {
	};
	objectVersion = 46;
	objects = {

/* Begin PBXBuildFile section */
		5DE2B7211E51FD93002451F8 /* DetailController.m in Sources */ = {isa = PBXBuildFile; fileRef = 5DE2B7201E51FD93002451F8 /* DetailController.m */; };
		5DE2B7241E520B99002451F8 /* Main.storyboard in Resources */ = {isa = PBXBuildFile; fileRef = 5DE2B7221E520B99002451F8 /* Main.storyboard */; };
		BC3FF71D1E4DFC4F004C5675 /* Corriere.m in Sources */ = {isa = PBXBuildFile; fileRef = BC3FF71C1E4DFC4F004C5675 /* Corriere.m */; };
		BC6A0D1D1E4B715300C64B51 /* Utils.m in Sources */ = {isa = PBXBuildFile; fileRef = BC6A0D1C1E4B715300C64B51 /* Utils.m */; };
		BC8EA94E1E4B51460052E949 /* main.m in Sources */ = {isa = PBXBuildFile; fileRef = BC8EA94D1E4B51460052E949 /* main.m */; };
		BC8EA9511E4B51460052E949 /* AppDelegate.m in Sources */ = {isa = PBXBuildFile; fileRef = BC8EA9501E4B51460052E949 /* AppDelegate.m */; };
		BC8EA9591E4B51460052E949 /* Assets.xcassets in Resources */ = {isa = PBXBuildFile; fileRef = BC8EA9581E4B51460052E949 /* Assets.xcassets */; };
		BC8EA95C1E4B51460052E949 /* LaunchScreen.storyboard in Resources */ = {isa = PBXBuildFile; fileRef = BC8EA95A1E4B51460052E949 /* LaunchScreen.storyboard */; };
		BC8EA9781E4B55BC0052E949 /* ViewController.m in Sources */ = {isa = PBXBuildFile; fileRef = BC8EA9751E4B55BC0052E949 /* ViewController.m */; };
		BC8EA97C1E4B56940052E949 /* Pacco.m in Sources */ = {isa = PBXBuildFile; fileRef = BC8EA97B1E4B56940052E949 /* Pacco.m */; };
/* End PBXBuildFile section */

/* Begin PBXFileReference section */
		5DE2B71F1E51FD93002451F8 /* DetailController.h */ = {isa = PBXFileReference; fileEncoding = 4; lastKnownFileType = sourcecode.c.h; path = DetailController.h; sourceTree = "<group>"; };
		5DE2B7201E51FD93002451F8 /* DetailController.m */ = {isa = PBXFileReference; fileEncoding = 4; lastKnownFileType = sourcecode.c.objc; path = DetailController.m; sourceTree = "<group>"; };
		5DE2B7231E520B99002451F8 /* Base */ = {isa = PBXFileReference; lastKnownFileType = file.storyboard; name = Base; path = Base.lproj/Main.storyboard; sourceTree = "<group>"; };
		BC3FF71B1E4DFC4F004C5675 /* Corriere.h */ = {isa = PBXFileReference; fileEncoding = 4; lastKnownFileType = sourcecode.c.h; path = Corriere.h; sourceTree = "<group>"; };
		BC3FF71C1E4DFC4F004C5675 /* Corriere.m */ = {isa = PBXFileReference; fileEncoding = 4; lastKnownFileType = sourcecode.c.objc; path = Corriere.m; sourceTree = "<group>"; };
		BC6A0D1B1E4B715300C64B51 /* Utils.h */ = {isa = PBXFileReference; fileEncoding = 4; lastKnownFileType = sourcecode.c.h; path = Utils.h; sourceTree = "<group>"; };
		BC6A0D1C1E4B715300C64B51 /* Utils.m */ = {isa = PBXFileReference; fileEncoding = 4; lastKnownFileType = sourcecode.c.objc; path = Utils.m; sourceTree = "<group>"; };
		BC8EA9491E4B51460052E949 /* Stoccaggio.app */ = {isa = PBXFileReference; explicitFileType = wrapper.application; includeInIndex = 0; path = Stoccaggio.app; sourceTree = BUILT_PRODUCTS_DIR; };
		BC8EA94D1E4B51460052E949 /* main.m */ = {isa = PBXFileReference; lastKnownFileType = sourcecode.c.objc; path = main.m; sourceTree = "<group>"; };
		BC8EA94F1E4B51460052E949 /* AppDelegate.h */ = {isa = PBXFileReference; lastKnownFileType = sourcecode.c.h; path = AppDelegate.h; sourceTree = "<group>"; };
		BC8EA9501E4B51460052E949 /* AppDelegate.m */ = {isa = PBXFileReference; lastKnownFileType = sourcecode.c.objc; path = AppDelegate.m; sourceTree = "<group>"; };
		BC8EA9581E4B51460052E949 /* Assets.xcassets */ = {isa = PBXFileReference; lastKnownFileType = folder.assetcatalog; path = Assets.xcassets; sourceTree = "<group>"; };
		BC8EA95B1E4B51460052E949 /* Base */ = {isa = PBXFileReference; lastKnownFileType = file.storyboard; name = Base; path = Base.lproj/LaunchScreen.storyboard; sourceTree = "<group>"; };
		BC8EA95D1E4B51460052E949 /* Info.plist */ = {isa = PBXFileReference; lastKnownFileType = text.plist.xml; path = Info.plist; sourceTree = "<group>"; };
		BC8EA9741E4B55BC0052E949 /* ViewController.h */ = {isa = PBXFileReference; fileEncoding = 4; lastKnownFileType = sourcecode.c.h; path = ViewController.h; sourceTree = "<group>"; };
		BC8EA9751E4B55BC0052E949 /* ViewController.m */ = {isa = PBXFileReference; fileEncoding = 4; lastKnownFileType = sourcecode.c.objc; path = ViewController.m; sourceTree = "<group>"; };
		BC8EA97A1E4B56940052E949 /* Pacco.h */ = {isa = PBXFileReference; fileEncoding = 4; lastKnownFileType = sourcecode.c.h; path = Pacco.h; sourceTree = "<group>"; };
		BC8EA97B1E4B56940052E949 /* Pacco.m */ = {isa = PBXFileReference; fileEncoding = 4; lastKnownFileType = sourcecode.c.objc; path = Pacco.m; sourceTree = "<group>"; };
/* End PBXFileReference section */

/* Begin PBXFrameworksBuildPhase section */
		BC8EA9461E4B51460052E949 /* Frameworks */ = {
			isa = PBXFrameworksBuildPhase;
			buildActionMask = 2147483647;
			files = (
			);
			runOnlyForDeploymentPostprocessing = 0;
		};
/* End PBXFrameworksBuildPhase section */

/* Begin PBXGroup section */
		BC6A0D181E4B711900C64B51 /* Utils */ = {
			isa = PBXGroup;
			children = (
				BC6A0D1B1E4B715300C64B51 /* Utils.h */,
				BC6A0D1C1E4B715300C64B51 /* Utils.m */,
			);
			path = Utils;
			sourceTree = "<group>";
		};
		BC8EA9401E4B51460052E949 = {
			isa = PBXGroup;
			children = (
				BC8EA94B1E4B51460052E949 /* Stoccaggio */,
				BC8EA94A1E4B51460052E949 /* Products */,
			);
			sourceTree = "<group>";
		};
		BC8EA94A1E4B51460052E949 /* Products */ = {
			isa = PBXGroup;
			children = (
				BC8EA9491E4B51460052E949 /* Stoccaggio.app */,
			);
			name = Products;
			sourceTree = "<group>";
		};
		BC8EA94B1E4B51460052E949 /* Stoccaggio */ = {
			isa = PBXGroup;
			children = (
				BC8EA96F1E4B55BC0052E949 /* Classes */,
				BC8EA94F1E4B51460052E949 /* AppDelegate.h */,
				BC8EA9501E4B51460052E949 /* AppDelegate.m */,
				BC8EA9581E4B51460052E949 /* Assets.xcassets */,
				5DE2B7221E520B99002451F8 /* Main.storyboard */,
				BC8EA95A1E4B51460052E949 /* LaunchScreen.storyboard */,
				BC8EA95D1E4B51460052E949 /* Info.plist */,
				BC8EA94C1E4B51460052E949 /* Supporting Files */,
			);
			path = Stoccaggio;
			sourceTree = "<group>";
		};
		BC8EA94C1E4B51460052E949 /* Supporting Files */ = {
			isa = PBXGroup;
			children = (
				BC8EA94D1E4B51460052E949 /* main.m */,
			);
			name = "Supporting Files";
			sourceTree = "<group>";
		};
		BC8EA96F1E4B55BC0052E949 /* Classes */ = {
			isa = PBXGroup;
			children = (
				BC6A0D181E4B711900C64B51 /* Utils */,
				BC8EA9701E4B55BC0052E949 /* Model */,
				BC8EA9721E4B55BC0052E949 /* ViewControllers */,
			);
			path = Classes;
			sourceTree = "<group>";
		};
		BC8EA9701E4B55BC0052E949 /* Model */ = {
			isa = PBXGroup;
			children = (
				BC8EA97A1E4B56940052E949 /* Pacco.h */,
				BC8EA97B1E4B56940052E949 /* Pacco.m */,
				BC3FF71B1E4DFC4F004C5675 /* Corriere.h */,
				BC3FF71C1E4DFC4F004C5675 /* Corriere.m */,
			);
			path = Model;
			sourceTree = "<group>";
		};
		BC8EA9721E4B55BC0052E949 /* ViewControllers */ = {
			isa = PBXGroup;
			children = (
				BC8EA9741E4B55BC0052E949 /* ViewController.h */,
				BC8EA9751E4B55BC0052E949 /* ViewController.m */,
				5DE2B71F1E51FD93002451F8 /* DetailController.h */,
				5DE2B7201E51FD93002451F8 /* DetailController.m */,
			);
			path = ViewControllers;
			sourceTree = "<group>";
		};
/* End PBXGroup section */

/* Begin PBXNativeTarget section */
		BC8EA9481E4B51460052E949 /* Stoccaggio */ = {
			isa = PBXNativeTarget;
			buildConfigurationList = BC8EA9601E4B51460052E949 /* Build configuration list for PBXNativeTarget "Stoccaggio" */;
			buildPhases = (
				BC8EA9451E4B51460052E949 /* Sources */,
				BC8EA9461E4B51460052E949 /* Frameworks */,
				BC8EA9471E4B51460052E949 /* Resources */,
			);
			buildRules = (
			);
			dependencies = (
			);
			name = Stoccaggio;
			productName = Stoccaggio;
			productReference = BC8EA9491E4B51460052E949 /* Stoccaggio.app */;
			productType = "com.apple.product-type.application";
		};
/* End PBXNativeTarget section */

/* Begin PBXProject section */
		BC8EA9411E4B51460052E949 /* Project object */ = {
			isa = PBXProject;
			attributes = {
				LastUpgradeCheck = 0820;
				ORGANIZATIONNAME = "MOLO17 Srl";
				TargetAttributes = {
					BC8EA9481E4B51460052E949 = {
						CreatedOnToolsVersion = 8.2;
						DevelopmentTeam = 935BPM8A8T;
						ProvisioningStyle = Automatic;
					};
				};
			};
			buildConfigurationList = BC8EA9441E4B51460052E949 /* Build configuration list for PBXProject "Stoccaggio" */;
			compatibilityVersion = "Xcode 3.2";
			developmentRegion = English;
			hasScannedForEncodings = 0;
			knownRegions = (
				en,
				Base,
			);
			mainGroup = BC8EA9401E4B51460052E949;
			productRefGroup = BC8EA94A1E4B51460052E949 /* Products */;
			projectDirPath = "";
			projectRoot = "";
			targets = (
				BC8EA9481E4B51460052E949 /* Stoccaggio */,
			);
		};
/* End PBXProject section */

/* Begin PBXResourcesBuildPhase section */
		BC8EA9471E4B51460052E949 /* Resources */ = {
			isa = PBXResourcesBuildPhase;
			buildActionMask = 2147483647;
			files = (
				5DE2B7241E520B99002451F8 /* Main.storyboard in Resources */,
				BC8EA95C1E4B51460052E949 /* LaunchScreen.storyboard in Resources */,
				BC8EA9591E4B51460052E949 /* Assets.xcassets in Resources */,
			);
			runOnlyForDeploymentPostprocessing = 0;
		};
/* End PBXResourcesBuildPhase section */

/* Begin PBXSourcesBuildPhase section */
		BC8EA9451E4B51460052E949 /* Sources */ = {
			isa = PBXSourcesBuildPhase;
			buildActionMask = 2147483647;
			files = (
				BC8EA97C1E4B56940052E949 /* Pacco.m in Sources */,
				BC8EA9781E4B55BC0052E949 /* ViewController.m in Sources */,
				BC3FF71D1E4DFC4F004C5675 /* Corriere.m in Sources */,
				5DE2B7211E51FD93002451F8 /* DetailController.m in Sources */,
				BC8EA9511E4B51460052E949 /* AppDelegate.m in Sources */,
				BC6A0D1D1E4B715300C64B51 /* Utils.m in Sources */,
				BC8EA94E1E4B51460052E949 /* main.m in Sources */,
			);
			runOnlyForDeploymentPostprocessing = 0;
		};
/* End PBXSourcesBuildPhase section */

/* Begin PBXVariantGroup section */
		5DE2B7221E520B99002451F8 /* Main.storyboard */ = {
			isa = PBXVariantGroup;
			children = (
				5DE2B7231E520B99002451F8 /* Base */,
			);
			name = Main.storyboard;
			sourceTree = "<group>";
		};
		BC8EA95A1E4B51460052E949 /* LaunchScreen.storyboard */ = {
			isa = PBXVariantGroup;
			children = (
				BC8EA95B1E4B51460052E949 /* Base */,
			);
			name = LaunchScreen.storyboard;
			sourceTree = "<group>";
		};
/* End PBXVariantGroup section */

/* Begin XCBuildConfiguration section */
		BC8EA95E1E4B51460052E949 /* Debug */ = {
			isa = XCBuildConfiguration;
			buildSettings = {
				ALWAYS_SEARCH_USER_PATHS = NO;
				CLANG_ANALYZER_NONNULL = YES;
				CLANG_CXX_LANGUAGE_STANDARD = "gnu++0x";
				CLANG_CXX_LIBRARY = "libc++";
				CLANG_ENABLE_MODULES = YES;
				CLANG_ENABLE_OBJC_ARC = YES;
				CLANG_WARN_BOOL_CONVERSION = YES;
				CLANG_WARN_CONSTANT_CONVERSION = YES;
				CLANG_WARN_DIRECT_OBJC_ISA_USAGE = YES_ERROR;
				CLANG_WARN_DOCUMENTATION_COMMENTS = YES;
				CLANG_WARN_EMPTY_BODY = YES;
				CLANG_WARN_ENUM_CONVERSION = YES;
				CLANG_WARN_INFINITE_RECURSION = YES;
				CLANG_WARN_INT_CONVERSION = YES;
				CLANG_WARN_OBJC_ROOT_CLASS = YES_ERROR;
				CLANG_WARN_SUSPICIOUS_MOVE = YES;
				CLANG_WARN_UNREACHABLE_CODE = YES;
				CLANG_WARN__DUPLICATE_METHOD_MATCH = YES;
				"CODE_SIGN_IDENTITY[sdk=iphoneos*]" = "iPhone Developer";
				COPY_PHASE_STRIP = NO;
				DEBUG_INFORMATION_FORMAT = dwarf;
				ENABLE_STRICT_OBJC_MSGSEND = YES;
				ENABLE_TESTABILITY = YES;
				GCC_C_LANGUAGE_STANDARD = gnu99;
				GCC_DYNAMIC_NO_PIC = NO;
				GCC_NO_COMMON_BLOCKS = YES;
				GCC_OPTIMIZATION_LEVEL = 0;
				GCC_PREPROCESSOR_DEFINITIONS = (
					"DEBUG=1",
					"$(inherited)",
				);
				GCC_WARN_64_TO_32_BIT_CONVERSION = YES;
				GCC_WARN_ABOUT_RETURN_TYPE = YES_ERROR;
				GCC_WARN_UNDECLARED_SELECTOR = YES;
				GCC_WARN_UNINITIALIZED_AUTOS = YES_AGGRESSIVE;
				GCC_WARN_UNUSED_FUNCTION = YES;
				GCC_WARN_UNUSED_VARIABLE = YES;
				IPHONEOS_DEPLOYMENT_TARGET = 10.2;
				MTL_ENABLE_DEBUG_INFO = YES;
				ONLY_ACTIVE_ARCH = YES;
				SDKROOT = iphoneos;
			};
			name = Debug;
		};
		BC8EA95F1E4B51460052E949 /* Release */ = {
			isa = XCBuildConfiguration;
			buildSettings = {
				ALWAYS_SEARCH_USER_PATHS = NO;
				CLANG_ANALYZER_NONNULL = YES;
				CLANG_CXX_LANGUAGE_STANDARD = "gnu++0x";
				CLANG_CXX_LIBRARY = "libc++";
				CLANG_ENABLE_MODULES = YES;
				CLANG_ENABLE_OBJC_ARC = YES;
				CLANG_WARN_BOOL_CONVERSION = YES;
				CLANG_WARN_CONSTANT_CONVERSION = YES;
				CLANG_WARN_DIRECT_OBJC_ISA_USAGE = YES_ERROR;
				CLANG_WARN_DOCUMENTATION_COMMENTS = YES;
				CLANG_WARN_EMPTY_BODY = YES;
				CLANG_WARN_ENUM_CONVERSION = YES;
				CLANG_WARN_INFINITE_RECURSION = YES;
				CLANG_WARN_INT_CONVERSION = YES;
				CLANG_WARN_OBJC_ROOT_CLASS = YES_ERROR;
				CLANG_WARN_SUSPICIOUS_MOVE = YES;
				CLANG_WARN_UNREACHABLE_CODE = YES;
				CLANG_WARN__DUPLICATE_METHOD_MATCH = YES;
				"CODE_SIGN_IDENTITY[sdk=iphoneos*]" = "iPhone Developer";
				COPY_PHASE_STRIP = NO;
				DEBUG_INFORMATION_FORMAT = "dwarf-with-dsym";
				ENABLE_NS_ASSERTIONS = NO;
				ENABLE_STRICT_OBJC_MSGSEND = YES;
				GCC_C_LANGUAGE_STANDARD = gnu99;
				GCC_NO_COMMON_BLOCKS = YES;
				GCC_WARN_64_TO_32_BIT_CONVERSION = YES;
				GCC_WARN_ABOUT_RETURN_TYPE = YES_ERROR;
				GCC_WARN_UNDECLARED_SELECTOR = YES;
				GCC_WARN_UNINITIALIZED_AUTOS = YES_AGGRESSIVE;
				GCC_WARN_UNUSED_FUNCTION = YES;
				GCC_WARN_UNUSED_VARIABLE = YES;
				IPHONEOS_DEPLOYMENT_TARGET = 10.2;
				MTL_ENABLE_DEBUG_INFO = NO;
				SDKROOT = iphoneos;
				VALIDATE_PRODUCT = YES;
			};
			name = Release;
		};
		BC8EA9611E4B51460052E949 /* Debug */ = {
			isa = XCBuildConfiguration;
			buildSettings = {
				ASSETCATALOG_COMPILER_APPICON_NAME = AppIcon;
				DEVELOPMENT_TEAM = 935BPM8A8T;
				INFOPLIST_FILE = Stoccaggio/Info.plist;
				LD_RUNPATH_SEARCH_PATHS = "$(inherited) @executable_path/Frameworks";
				PRODUCT_BUNDLE_IDENTIFIER = com.MOLO17.Stoccaggio;
				PRODUCT_NAME = "$(TARGET_NAME)";
			};
			name = Debug;
		};
		BC8EA9621E4B51460052E949 /* Release */ = {
			isa = XCBuildConfiguration;
			buildSettings = {
				ASSETCATALOG_COMPILER_APPICON_NAME = AppIcon;
				DEVELOPMENT_TEAM = 935BPM8A8T;
				INFOPLIST_FILE = Stoccaggio/Info.plist;
				LD_RUNPATH_SEARCH_PATHS = "$(inherited) @executable_path/Frameworks";
				PRODUCT_BUNDLE_IDENTIFIER = com.MOLO17.Stoccaggio;
				PRODUCT_NAME = "$(TARGET_NAME)";
			};
			name = Release;
		};
/* End XCBuildConfiguration section */

/* Begin XCConfigurationList section */
		BC8EA9441E4B51460052E949 /* Build configuration list for PBXProject "Stoccaggio" */ = {
			isa = XCConfigurationList;
			buildConfigurations = (
				BC8EA95E1E4B51460052E949 /* Debug */,
				BC8EA95F1E4B51460052E949 /* Release */,
			);
			defaultConfigurationIsVisible = 0;
			defaultConfigurationName = Release;
		};
		BC8EA9601E4B51460052E949 /* Build configuration list for PBXNativeTarget "Stoccaggio" */ = {
			isa = XCConfigurationList;
			buildConfigurations = (
				BC8EA9611E4B51460052E949 /* Debug */,
				BC8EA9621E4B51460052E949 /* Release */,
			);
			defaultConfigurationIsVisible = 0;
			defaultConfigurationName = Release;
		};
/* End XCConfigurationList section */
	};
	rootObject = BC8EA9411E4B51460052E949 /* Project object */;
}
